
Microsoft Visual Studio Solution File, Format Version 12.00
# Visual Studio Version 17
VisualStudioVersion = 17.0.31903.59
MinimumVisualStudioVersion = 10.0.40219.1
Project("{2150E333-8FDC-42A3-9474-1A3956D46DE8}") = "src", "src", "{568C2711-85CD-4B1E-AD89-6A90DD734B75}"
EndProject
Project("{FAE04EC0-301F-11D3-BF4B-00C04F79EFBC}") = "Net6DevConCreatedOnWSL.Domain", "src\Net6DevConCreatedOnWSL.Domain\Net6DevConCreatedOnWSL.Domain.csproj", "{FC9BD4E6-5153-433D-BC5E-05569778ACEE}"
EndProject
Project("{FAE04EC0-301F-11D3-BF4B-00C04F79EFBC}") = "Net6DevConCreatedOnWSL.Business", "src\Net6DevConCreatedOnWSL.Business\Net6DevConCreatedOnWSL.Business.csproj", "{1C588220-F690-4882-A9BE-EEBC6CFE36B4}"
EndProject
Project("{FAE04EC0-301F-11D3-BF4B-00C04F79EFBC}") = "Net6DevConCreatedOnWSL.Infrastructure", "src\Net6DevConCreatedOnWSL.Infrastructure\Net6DevConCreatedOnWSL.Infrastructure.csproj", "{FED135F3-4021-435D-89A8-3DD850F59EC8}"
EndProject
Project("{FAE04EC0-301F-11D3-BF4B-00C04F79EFBC}") = "Net6DevConCreatedOnWSL.Api", "src\Net6DevConCreatedOnWSL.Api\Net6DevConCreatedOnWSL.Api.csproj", "{37829937-8C92-4DBF-9D97-D26FEDA0D2E5}"
EndProject
Global
	GlobalSection(SolutionConfigurationPlatforms) = preSolution
		Debug|Any CPU = Debug|Any CPU
		Release|Any CPU = Release|Any CPU
	EndGlobalSection
	GlobalSection(SolutionProperties) = preSolution
		HideSolutionNode = FALSE
	EndGlobalSection
	GlobalSection(ProjectConfigurationPlatforms) = postSolution
		{FC9BD4E6-5153-433D-BC5E-05569778ACEE}.Debug|Any CPU.ActiveCfg = Debug|Any CPU
		{FC9BD4E6-5153-433D-BC5E-05569778ACEE}.Debug|Any CPU.Build.0 = Debug|Any CPU
		{FC9BD4E6-5153-433D-BC5E-05569778ACEE}.Release|Any CPU.ActiveCfg = Release|Any CPU
		{FC9BD4E6-5153-433D-BC5E-05569778ACEE}.Release|Any CPU.Build.0 = Release|Any CPU
		{1C588220-F690-4882-A9BE-EEBC6CFE36B4}.Debug|Any CPU.ActiveCfg = Debug|Any CPU
		{1C588220-F690-4882-A9BE-EEBC6CFE36B4}.Debug|Any CPU.Build.0 = Debug|Any CPU
		{1C588220-F690-4882-A9BE-EEBC6CFE36B4}.Release|Any CPU.ActiveCfg = Release|Any CPU
		{1C588220-F690-4882-A9BE-EEBC6CFE36B4}.Release|Any CPU.Build.0 = Release|Any CPU
		{FED135F3-4021-435D-89A8-3DD850F59EC8}.Debug|Any CPU.ActiveCfg = Debug|Any CPU
		{FED135F3-4021-435D-89A8-3DD850F59EC8}.Debug|Any CPU.Build.0 = Debug|Any CPU
		{FED135F3-4021-435D-89A8-3DD850F59EC8}.Release|Any CPU.ActiveCfg = Release|Any CPU
		{FED135F3-4021-435D-89A8-3DD850F59EC8}.Release|Any CPU.Build.0 = Release|Any CPU
		{37829937-8C92-4DBF-9D97-D26FEDA0D2E5}.Debug|Any CPU.ActiveCfg = Debug|Any CPU
		{37829937-8C92-4DBF-9D97-D26FEDA0D2E5}.Debug|Any CPU.Build.0 = Debug|Any CPU
		{37829937-8C92-4DBF-9D97-D26FEDA0D2E5}.Release|Any CPU.ActiveCfg = Release|Any CPU
		{37829937-8C92-4DBF-9D97-D26FEDA0D2E5}.Release|Any CPU.Build.0 = Release|Any CPU
	EndGlobalSection
	GlobalSection(NestedProjects) = preSolution
		{FC9BD4E6-5153-433D-BC5E-05569778ACEE} = {568C2711-85CD-4B1E-AD89-6A90DD734B75}
		{1C588220-F690-4882-A9BE-EEBC6CFE36B4} = {568C2711-85CD-4B1E-AD89-6A90DD734B75}
		{FED135F3-4021-435D-89A8-3DD850F59EC8} = {568C2711-85CD-4B1E-AD89-6A90DD734B75}
		{37829937-8C92-4DBF-9D97-D26FEDA0D2E5} = {568C2711-85CD-4B1E-AD89-6A90DD734B75}
	EndGlobalSection
EndGlobal
